
Microsoft Visual Studio Solution File, Format Version 12.00
# Visual Studio Version 16
VisualStudioVersion = 16.0.30330.147
MinimumVisualStudioVersion = 10.0.40219.1
Project("{9A19103F-16F7-4668-BE54-9A1E7A4F7556}") = "ToCBooks.App", "src\ToCBooks.App\ToCBooks.App.csproj", "{C3B85812-3DA6-4480-B48D-08CC99DB5874}"
EndProject
Global
	GlobalSection(SolutionConfigurationPlatforms) = preSolution
		Debug|Any CPU = Debug|Any CPU
		Release|Any CPU = Release|Any CPU
	EndGlobalSection
	GlobalSection(ProjectConfigurationPlatforms) = postSolution
		{C3B85812-3DA6-4480-B48D-08CC99DB5874}.Debug|Any CPU.ActiveCfg = Debug|Any CPU
		{C3B85812-3DA6-4480-B48D-08CC99DB5874}.Debug|Any CPU.Build.0 = Debug|Any CPU
		{C3B85812-3DA6-4480-B48D-08CC99DB5874}.Release|Any CPU.ActiveCfg = Release|Any CPU
		{C3B85812-3DA6-4480-B48D-08CC99DB5874}.Release|Any CPU.Build.0 = Release|Any CPU
	EndGlobalSection
	GlobalSection(SolutionProperties) = preSolution
		HideSolutionNode = FALSE
	EndGlobalSection
	GlobalSection(ExtensibilityGlobals) = postSolution
		SolutionGuid = {6A076844-2ACE-4707-ADF1-8592C1836112}
	EndGlobalSection
EndGlobal
